
Microsoft Visual Studio Solution File, Format Version 12.00
# Visual Studio 15
VisualStudioVersion = 15.0.28010.2026
MinimumVisualStudioVersion = 10.0.40219.1
Project("{FAE04EC0-301F-11D3-BF4B-00C04F79EFBC}") = "Monitor.Server", "Monitor.Server\Monitor.Server.csproj", "{4E3D6012-9FDA-4E8E-B8F9-E4A7A366FFD1}"
EndProject
Global
	GlobalSection(SolutionConfigurationPlatforms) = preSolution
		Debug|Any CPU = Debug|Any CPU
		Release|Any CPU = Release|Any CPU
	EndGlobalSection
	GlobalSection(ProjectConfigurationPlatforms) = postSolution
		{4E3D6012-9FDA-4E8E-B8F9-E4A7A366FFD1}.Debug|Any CPU.ActiveCfg = Debug|Any CPU
		{4E3D6012-9FDA-4E8E-B8F9-E4A7A366FFD1}.Debug|Any CPU.Build.0 = Debug|Any CPU
		{4E3D6012-9FDA-4E8E-B8F9-E4A7A366FFD1}.Release|Any CPU.ActiveCfg = Release|Any CPU
		{4E3D6012-9FDA-4E8E-B8F9-E4A7A366FFD1}.Release|Any CPU.Build.0 = Release|Any CPU
	EndGlobalSection
	GlobalSection(SolutionProperties) = preSolution
		HideSolutionNode = FALSE
	EndGlobalSection
	GlobalSection(ExtensibilityGlobals) = postSolution
		SolutionGuid = {2CE8869C-FBEB-4A6F-BCEF-49919D7D2CEB}
	EndGlobalSection
EndGlobal
